Microsoft Visual Studio Solution File, Format Version 12.00
# Visual Studio Version 17
VisualStudioVersion = 17.5.2.0
MinimumVisualStudioVersion = 10.0.40219.1
Project("{FAE04EC0-301F-11D3-BF4B-00C04F79EFBC}") = "FavoriteShows", "FavoriteShows\FavoriteShows.csproj", "{5359DA3D-627C-A1B0-89E3-C9DCE67E5CA4}"
EndProject
Global
	GlobalSection(SolutionConfigurationPlatforms) = preSolution
		Debug|Any CPU = Debug|Any CPU
		Release|Any CPU = Release|Any CPU
	EndGlobalSection
	GlobalSection(ProjectConfigurationPlatforms) = postSolution
		{5359DA3D-627C-A1B0-89E3-C9DCE67E5CA4}.Debug|Any CPU.ActiveCfg = Debug|Any CPU
		{5359DA3D-627C-A1B0-89E3-C9DCE67E5CA4}.Debug|Any CPU.Build.0 = Debug|Any CPU
		{5359DA3D-627C-A1B0-89E3-C9DCE67E5CA4}.Release|Any CPU.ActiveCfg = Release|Any CPU
		{5359DA3D-627C-A1B0-89E3-C9DCE67E5CA4}.Release|Any CPU.Build.0 = Release|Any CPU
	EndGlobalSection
	GlobalSection(SolutionProperties) = preSolution
		HideSolutionNode = FALSE
	EndGlobalSection
	GlobalSection(ExtensibilityGlobals) = postSolution
		SolutionGuid = {2767B36F-48F0-4DBA-AE58-56ACBB6A95CD}
	EndGlobalSection
EndGlobal
